
Microsoft Visual Studio Solution File, Format Version 12.00
# Visual Studio Version 17
VisualStudioVersion = 17.2.32505.173
MinimumVisualStudioVersion = 10.0.40219.1
Project("{8BC9CEB8-8B4A-11D0-8D11-00A0C91BC942}") = "Even_Or_Odd", "Withdraw_Money\Withdraw_Money.vcxproj", "{AF855770-CFCF-48D8-A707-437D0DC2882F}"
EndProject
Project("{8BC9CEB8-8B4A-11D0-8D11-00A0C91BC942}") = "Log_In", "Log_In\Log_In.vcxproj", "{664C03C3-0D79-4B6D-B16D-D2A1D01DFEF1}"
EndProject
Global
	GlobalSection(SolutionConfigurationPlatforms) = preSolution
		Debug|x64 = Debug|x64
		Debug|x86 = Debug|x86
		Release|x64 = Release|x64
		Release|x86 = Release|x86
	EndGlobalSection
	GlobalSection(ProjectConfigurationPlatforms) = postSolution
		{AF855770-CFCF-48D8-A707-437D0DC2882F}.Debug|x64.ActiveCfg = Debug|x64
		{AF855770-CFCF-48D8-A707-437D0DC2882F}.Debug|x64.Build.0 = Debug|x64
		{AF855770-CFCF-48D8-A707-437D0DC2882F}.Debug|x86.ActiveCfg = Debug|Win32
		{AF855770-CFCF-48D8-A707-437D0DC2882F}.Debug|x86.Build.0 = Debug|Win32
		{AF855770-CFCF-48D8-A707-437D0DC2882F}.Release|x64.ActiveCfg = Release|x64
		{AF855770-CFCF-48D8-A707-437D0DC2882F}.Release|x64.Build.0 = Release|x64
		{AF855770-CFCF-48D8-A707-437D0DC2882F}.Release|x86.ActiveCfg = Release|Win32
		{AF855770-CFCF-48D8-A707-437D0DC2882F}.Release|x86.Build.0 = Release|Win32
		{664C03C3-0D79-4B6D-B16D-D2A1D01DFEF1}.Debug|x64.ActiveCfg = Debug|x64
		{664C03C3-0D79-4B6D-B16D-D2A1D01DFEF1}.Debug|x64.Build.0 = Debug|x64
		{664C03C3-0D79-4B6D-B16D-D2A1D01DFEF1}.Debug|x86.ActiveCfg = Debug|Win32
		{664C03C3-0D79-4B6D-B16D-D2A1D01DFEF1}.Debug|x86.Build.0 = Debug|Win32
		{664C03C3-0D79-4B6D-B16D-D2A1D01DFEF1}.Release|x64.ActiveCfg = Release|x64
		{664C03C3-0D79-4B6D-B16D-D2A1D01DFEF1}.Release|x64.Build.0 = Release|x64
		{664C03C3-0D79-4B6D-B16D-D2A1D01DFEF1}.Release|x86.ActiveCfg = Release|Win32
		{664C03C3-0D79-4B6D-B16D-D2A1D01DFEF1}.Release|x86.Build.0 = Release|Win32
	EndGlobalSection
	GlobalSection(SolutionProperties) = preSolution
		HideSolutionNode = FALSE
	EndGlobalSection
	GlobalSection(ExtensibilityGlobals) = postSolution
		SolutionGuid = {E0145D21-E54C-44D5-B9D8-E6B9515E97C2}
	EndGlobalSection
EndGlobal
